{
  "name": "lockfile-risk-project",
  "lockfileVersion": 3,
  "requires": true,
  "packages": {
    "": {
      "name": "lockfile-risk-project",
      "version": "1.0.0",
      "dependencies": {
        "plain-crypto-js": "^4.2.1"
      }
    },
    "node_modules/plain-crypto-js": {
      "version": "4.2.1",
      "resolved": "https://registry.npmjs.org/plain-crypto-js/-/plain-crypto-js-4.2.1.tgz",
      "integrity": "sha512-example",
      "hasInstallScript": true
    },
    "node_modules/support-kit": {
      "version": "git+https://github.com/example/support-kit.git#deadbeef",
      "resolved": "git+https://github.com/example/support-kit.git#deadbeef"
    }
  }
}
